
Microsoft Visual Studio Solution File, Format Version 12.00
# Visual Studio Version 16
VisualStudioVersion = 16.0.31112.23
MinimumVisualStudioVersion = 10.0.40219.1
Project("{9A19103F-16F7-4668-BE54-9A1E7A4F7556}") = "Tenta-AdvNET-David-Lindgren-Kamali", "Tenta-AdvNET-David-Lindgren-Kamali\Tenta-AdvNET-David-Lindgren-Kamali.csproj", "{EBDC4145-6FD5-4A49-A6DE-415F60C9000C}"
EndProject
Project("{9A19103F-16F7-4668-BE54-9A1E7A4F7556}") = "HamsterDatabaseStructure", "HamsterDagisKlasser\HamsterDatabaseStructure.csproj", "{A63F1590-B12C-4409-82A0-C40D3341638F}"
EndProject
Project("{9A19103F-16F7-4668-BE54-9A1E7A4F7556}") = "HamsterStuff", "HamsterMethods\HamsterStuff.csproj", "{F24EBF16-DD6D-44DB-B4F6-9737BADEC14F}"
EndProject
Global
	GlobalSection(SolutionConfigurationPlatforms) = preSolution
		Debug|Any CPU = Debug|Any CPU
		Release|Any CPU = Release|Any CPU
	EndGlobalSection
	GlobalSection(ProjectConfigurationPlatforms) = postSolution
		{EBDC4145-6FD5-4A49-A6DE-415F60C9000C}.Debug|Any CPU.ActiveCfg = Debug|Any CPU
		{EBDC4145-6FD5-4A49-A6DE-415F60C9000C}.Debug|Any CPU.Build.0 = Debug|Any CPU
		{EBDC4145-6FD5-4A49-A6DE-415F60C9000C}.Release|Any CPU.ActiveCfg = Release|Any CPU
		{EBDC4145-6FD5-4A49-A6DE-415F60C9000C}.Release|Any CPU.Build.0 = Release|Any CPU
		{A63F1590-B12C-4409-82A0-C40D3341638F}.Debug|Any CPU.ActiveCfg = Debug|Any CPU
		{A63F1590-B12C-4409-82A0-C40D3341638F}.Debug|Any CPU.Build.0 = Debug|Any CPU
		{A63F1590-B12C-4409-82A0-C40D3341638F}.Release|Any CPU.ActiveCfg = Release|Any CPU
		{A63F1590-B12C-4409-82A0-C40D3341638F}.Release|Any CPU.Build.0 = Release|Any CPU
		{F24EBF16-DD6D-44DB-B4F6-9737BADEC14F}.Debug|Any CPU.ActiveCfg = Debug|Any CPU
		{F24EBF16-DD6D-44DB-B4F6-9737BADEC14F}.Debug|Any CPU.Build.0 = Debug|Any CPU
		{F24EBF16-DD6D-44DB-B4F6-9737BADEC14F}.Release|Any CPU.ActiveCfg = Release|Any CPU
		{F24EBF16-DD6D-44DB-B4F6-9737BADEC14F}.Release|Any CPU.Build.0 = Release|Any CPU
	EndGlobalSection
	GlobalSection(SolutionProperties) = preSolution
		HideSolutionNode = FALSE
	EndGlobalSection
	GlobalSection(ExtensibilityGlobals) = postSolution
		SolutionGuid = {50448C37-9894-4065-B12D-887E230CF57E}
	EndGlobalSection
EndGlobal
